
Microsoft Visual Studio Solution File, Format Version 12.00
# Visual Studio Version 17
VisualStudioVersion = 17.14.36811.4 d17.14
MinimumVisualStudioVersion = 10.0.40219.1
Project("{FAE04EC0-301F-11D3-BF4B-00C04F79EFBC}") = "mortgage_calculator", "mortgage_calculator.csproj", "{80AAA223-6F98-44EC-BB13-122390961107}"
EndProject
Global
	GlobalSection(SolutionConfigurationPlatforms) = preSolution
		Debug|Any CPU = Debug|Any CPU
		Release|Any CPU = Release|Any CPU
	EndGlobalSection
	GlobalSection(ProjectConfigurationPlatforms) = postSolution
		{80AAA223-6F98-44EC-BB13-122390961107}.Debug|Any CPU.ActiveCfg = Debug|Any CPU
		{80AAA223-6F98-44EC-BB13-122390961107}.Debug|Any CPU.Build.0 = Debug|Any CPU
		{80AAA223-6F98-44EC-BB13-122390961107}.Release|Any CPU.ActiveCfg = Release|Any CPU
		{80AAA223-6F98-44EC-BB13-122390961107}.Release|Any CPU.Build.0 = Release|Any CPU
	EndGlobalSection
	GlobalSection(SolutionProperties) = preSolution
		HideSolutionNode = FALSE
	EndGlobalSection
	GlobalSection(ExtensibilityGlobals) = postSolution
		SolutionGuid = {01E56052-8481-400F-B7FB-C80AC02A20DF}
	EndGlobalSection
EndGlobal
